
Microsoft Visual Studio Solution File, Format Version 12.00
# Visual Studio Version 17
VisualStudioVersion = 17.6.33723.286
MinimumVisualStudioVersion = 10.0.40219.1
Project("{FAE04EC0-301F-11D3-BF4B-00C04F79EFBC}") = "MyTestProject", "MyTestProject.csproj", "{9F4C6C43-9C80-4587-9D05-580610FE747E}"
EndProject
Global
	GlobalSection(SolutionConfigurationPlatforms) = preSolution
		Debug|Any CPU = Debug|Any CPU
		Release|Any CPU = Release|Any CPU
	EndGlobalSection
	GlobalSection(ProjectConfigurationPlatforms) = postSolution
		{9F4C6C43-9C80-4587-9D05-580610FE747E}.Debug|Any CPU.ActiveCfg = Debug|Any CPU
		{9F4C6C43-9C80-4587-9D05-580610FE747E}.Debug|Any CPU.Build.0 = Debug|Any CPU
		{9F4C6C43-9C80-4587-9D05-580610FE747E}.Release|Any CPU.ActiveCfg = Release|Any CPU
		{9F4C6C43-9C80-4587-9D05-580610FE747E}.Release|Any CPU.Build.0 = Release|Any CPU
	EndGlobalSection
	GlobalSection(SolutionProperties) = preSolution
		HideSolutionNode = FALSE
	EndGlobalSection
	GlobalSection(ExtensibilityGlobals) = postSolution
		SolutionGuid = {E63C2963-16D4-49C1-8EE1-6DA9A29092B5}
	EndGlobalSection
EndGlobal
